{
  "version": 4,
  "terraform_version": "1.13.2",
  "serial": 56,
  "lineage": "7e6987f6-e240-d41b-f1a6-804ae7c1f0a7",
  "outputs": {
    "aap_public_ip": {
      "value": "35.161.160.175",
      "type": "string"
    },
    "aap_ssh": {
      "value": "ssh -i ~/.ssh/id_ed25519 ec2-user@35.161.160.175",
      "type": "string"
    },
    "aap_url": {
      "value": "http://35.161.160.175",
      "type": "string"
    }
  },
  "resources": [
    {
      "mode": "data",
      "type": "aws_availability_zones",
      "name": "available",
      "provider": "provider[\"registry.terraform.io/hashicorp/aws\"]",
      "instances": [
        {
          "schema_version": 0,
          "attributes": {
            "all_availability_zones": null,
            "exclude_names": null,
            "exclude_zone_ids": null,
            "filter": [
              {
                "name": "opt-in-status",
                "values": [
                  "opt-in-not-required"
                ]
              }
            ],
            "group_names": [
              "us-west-2-zg-1"
            ],
            "id": "us-west-2",
            "names": [
              "us-west-2a",
              "us-west-2b",
              "us-west-2c",
              "us-west-2d"
            ],
            "region": "us-west-2",
            "state": "available",
            "timeouts": null,
            "zone_ids": [
              "usw2-az2",
              "usw2-az1",
              "usw2-az3",
              "usw2-az4"
            ]
          },
          "sensitive_attributes": [],
          "identity_schema_version": 0
        }
      ]
    },
    {
      "mode": "managed",
      "type": "aws_instance",
      "name": "aap",
      "provider": "provider[\"registry.terraform.io/hashicorp/aws\"]",
      "instances": [
        {
          "schema_version": 2,
          "attributes": {
            "ami": "ami-07af684733f156701",
            "arn": "arn:aws:ec2:us-west-2:537540573348:instance/i-0914e8903f1a25334",
            "associate_public_ip_address": true,
            "availability_zone": "us-west-2a",
            "capacity_reservation_specification": [
              {
                "capacity_reservation_preference": "open",
                "capacity_reservation_target": []
              }
            ],
            "cpu_options": [
              {
                "amd_sev_snp": "",
                "core_count": 4,
                "threads_per_core": 2
              }
            ],
            "credit_specification": [],
            "disable_api_stop": false,
            "disable_api_termination": false,
            "ebs_block_device": [],
            "ebs_optimized": false,
            "enable_primary_ipv6": null,
            "enclave_options": [
              {
                "enabled": false
              }
            ],
            "ephemeral_block_device": [],
            "force_destroy": false,
            "get_password_data": false,
            "hibernation": false,
            "host_id": "",
            "host_resource_group_arn": null,
            "iam_instance_profile": "",
            "id": "i-0914e8903f1a25334",
            "instance_initiated_shutdown_behavior": "stop",
            "instance_lifecycle": "",
            "instance_market_options": [],
            "instance_state": "running",
            "instance_type": "m6i.2xlarge",
            "ipv6_address_count": 0,
            "ipv6_addresses": [],
            "key_name": "aap-single-kp",
            "launch_template": [],
            "maintenance_options": [
              {
                "auto_recovery": "default"
              }
            ],
            "metadata_options": [
              {
                "http_endpoint": "enabled",
                "http_protocol_ipv6": "disabled",
                "http_put_response_hop_limit": 1,
                "http_tokens": "optional",
                "instance_metadata_tags": "disabled"
              }
            ],
            "monitoring": false,
            "network_interface": [],
            "outpost_arn": "",
            "password_data": "",
            "placement_group": "",
            "placement_group_id": "",
            "placement_partition_number": 0,
            "primary_network_interface": [
              {
                "delete_on_termination": true,
                "network_interface_id": "eni-0e452ba4146ee58a0"
              }
            ],
            "primary_network_interface_id": "eni-0e452ba4146ee58a0",
            "private_dns": "ip-10-42-10-202.us-west-2.compute.internal",
            "private_dns_name_options": [
              {
                "enable_resource_name_dns_a_record": false,
                "enable_resource_name_dns_aaaa_record": false,
                "hostname_type": "ip-name"
              }
            ],
            "private_ip": "10.42.10.202",
            "public_dns": "ec2-35-161-160-175.us-west-2.compute.amazonaws.com",
            "public_ip": "35.161.160.175",
            "region": "us-west-2",
            "root_block_device": [
              {
                "delete_on_termination": true,
                "device_name": "/dev/sda1",
                "encrypted": false,
                "iops": 3000,
                "kms_key_id": "",
                "tags": null,
                "tags_all": {},
                "throughput": 125,
                "volume_id": "vol-0c07b10d4a2ac4c44",
                "volume_size": 200,
                "volume_type": "gp3"
              }
            ],
            "secondary_private_ips": [],
            "security_groups": [],
            "source_dest_check": true,
            "spot_instance_request_id": "",
            "subnet_id": "subnet-0dd08eac8b5c8ade8",
            "tags": {
              "Name": "aap-single-aap",
              "Role": "aap-all-in-one"
            },
            "tags_all": {
              "Name": "aap-single-aap",
              "Role": "aap-all-in-one"
            },
            "tenancy": "default",
            "timeouts": null,
            "user_data": "#cloud-config\nhostname: aap.local\nmanage_etc_hosts: true\nwrite_files:\n  - path: /etc/profile.d/aap_umask.sh\n    permissions: '0644'\n    owner: root:root\n    content: |\n      umask 0022\nruncmd:\n  - sh -c \"echo 'umask 0022' \u003e\u003e /etc/bashrc\"\n",
            "user_data_base64": null,
            "user_data_replace_on_change": false,
            "volume_tags": null,
            "vpc_security_group_ids": [
              "sg-045fc1ce5016f58a2"
            ]
          },
          "sensitive_attributes": [],
          "identity_schema_version": 0,
          "identity": {
            "account_id": "537540573348",
            "id": "i-0914e8903f1a25334",
            "region": "us-west-2"
          },
          "private": "eyJlMmJmYjczMC1lY2FhLTExZTYtOGY4OC0zNDM2M2JjN2M0YzAiOnsiY3JlYXRlIjo2MDAwMDAwMDAwMDAsImRlbGV0ZSI6MTIwMDAwMDAwMDAwMCwicmVhZCI6OTAwMDAwMDAwMDAwLCJ1cGRhdGUiOjYwMDAwMDAwMDAwMH0sInNjaGVtYV92ZXJzaW9uIjoiMiJ9",
          "dependencies": [
            "aws_key_pair.kp",
            "aws_security_group.aap",
            "aws_subnet.public",
            "aws_vpc.vpc",
            "data.aws_availability_zones.available"
          ]
        }
      ]
    },
    {
      "mode": "managed",
      "type": "aws_internet_gateway",
      "name": "igw",
      "provider": "provider[\"registry.terraform.io/hashicorp/aws\"]",
      "instances": [
        {
          "schema_version": 0,
          "attributes": {
            "arn": "arn:aws:ec2:us-west-2:537540573348:internet-gateway/igw-049bc4d8b0260c008",
            "id": "igw-049bc4d8b0260c008",
            "owner_id": "537540573348",
            "region": "us-west-2",
            "tags": {
              "Name": "aap-single-igw"
            },
            "tags_all": {
              "Name": "aap-single-igw"
            },
            "timeouts": null,
            "vpc_id": "vpc-06cac8818c1837a7c"
          },
          "sensitive_attributes": [],
          "identity_schema_version": 0,
          "private": "eyJlMmJmYjczMC1lY2FhLTExZTYtOGY4OC0zNDM2M2JjN2M0YzAiOnsiY3JlYXRlIjoxMjAwMDAwMDAwMDAwLCJkZWxldGUiOjEyMDAwMDAwMDAwMDAsInVwZGF0ZSI6MTIwMDAwMDAwMDAwMH19",
          "dependencies": [
            "aws_vpc.vpc"
          ]
        }
      ]
    },
    {
      "mode": "managed",
      "type": "aws_key_pair",
      "name": "kp",
      "provider": "provider[\"registry.terraform.io/hashicorp/aws\"]",
      "instances": [
        {
          "schema_version": 1,
          "attributes": {
            "arn": "arn:aws:ec2:us-west-2:537540573348:key-pair/aap-single-kp",
            "fingerprint": "/VUBRoc8utsKyStYMf+YImnJffrF2Eofq0dv7RIxDyg=",
            "id": "aap-single-kp",
            "key_name": "aap-single-kp",
            "key_name_prefix": "",
            "key_pair_id": "key-03e3f7ac42b169297",
            "key_type": "ed25519",
            "public_key": "ssh-ed25519 AAAAC3NzaC1lZDI1NTE5AAAAIN76k/DQEAlTn2OPtSO4ZL001VU95SMfkP8TTUUSkrNu aap",
            "region": "us-west-2",
            "tags": {
              "Name": "aap-single-kp"
            },
            "tags_all": {
              "Name": "aap-single-kp"
            }
          },
          "sensitive_attributes": [],
          "identity_schema_version": 0,
          "private": "eyJzY2hlbWFfdmVyc2lvbiI6IjEifQ=="
        }
      ]
    },
    {
      "mode": "managed",
      "type": "aws_route",
      "name": "public_inet",
      "provider": "provider[\"registry.terraform.io/hashicorp/aws\"]",
      "instances": [
        {
          "schema_version": 0,
          "attributes": {
            "carrier_gateway_id": "",
            "core_network_arn": "",
            "destination_cidr_block": "0.0.0.0/0",
            "destination_ipv6_cidr_block": "",
            "destination_prefix_list_id": "",
            "egress_only_gateway_id": "",
            "gateway_id": "igw-049bc4d8b0260c008",
            "id": "r-rtb-0aa1fa409fcb09b711080289494",
            "instance_id": "",
            "instance_owner_id": "",
            "local_gateway_id": "",
            "nat_gateway_id": "",
            "network_interface_id": "",
            "origin": "CreateRoute",
            "region": "us-west-2",
            "route_table_id": "rtb-0aa1fa409fcb09b71",
            "state": "active",
            "timeouts": null,
            "transit_gateway_id": "",
            "vpc_endpoint_id": "",
            "vpc_peering_connection_id": ""
          },
          "sensitive_attributes": [],
          "identity_schema_version": 0,
          "identity": {
            "account_id": "537540573348",
            "destination_cidr_block": "0.0.0.0/0",
            "destination_ipv6_cidr_block": null,
            "destination_prefix_list_id": null,
            "region": "us-west-2",
            "route_table_id": "rtb-0aa1fa409fcb09b71"
          },
          "private": "eyJlMmJmYjczMC1lY2FhLTExZTYtOGY4OC0zNDM2M2JjN2M0YzAiOnsiY3JlYXRlIjozMDAwMDAwMDAwMDAsImRlbGV0ZSI6MzAwMDAwMDAwMDAwLCJ1cGRhdGUiOjEyMDAwMDAwMDAwMH19",
          "dependencies": [
            "aws_internet_gateway.igw",
            "aws_route_table.public",
            "aws_vpc.vpc"
          ]
        }
      ]
    },
    {
      "mode": "managed",
      "type": "aws_route_table",
      "name": "public",
      "provider": "provider[\"registry.terraform.io/hashicorp/aws\"]",
      "instances": [
        {
          "schema_version": 0,
          "attributes": {
            "arn": "arn:aws:ec2:us-west-2:537540573348:route-table/rtb-0aa1fa409fcb09b71",
            "id": "rtb-0aa1fa409fcb09b71",
            "owner_id": "537540573348",
            "propagating_vgws": [],
            "region": "us-west-2",
            "route": [
              {
                "carrier_gateway_id": "",
                "cidr_block": "0.0.0.0/0",
                "core_network_arn": "",
                "destination_prefix_list_id": "",
                "egress_only_gateway_id": "",
                "gateway_id": "igw-049bc4d8b0260c008",
                "ipv6_cidr_block": "",
                "local_gateway_id": "",
                "nat_gateway_id": "",
                "network_interface_id": "",
                "transit_gateway_id": "",
                "vpc_endpoint_id": "",
                "vpc_peering_connection_id": ""
              }
            ],
            "tags": {
              "Name": "aap-single-public-rt"
            },
            "tags_all": {
              "Name": "aap-single-public-rt"
            },
            "timeouts": null,
            "vpc_id": "vpc-06cac8818c1837a7c"
          },
          "sensitive_attributes": [],
          "identity_schema_version": 0,
          "identity": {
            "account_id": "537540573348",
            "id": "rtb-0aa1fa409fcb09b71",
            "region": "us-west-2"
          },
          "private": "eyJlMmJmYjczMC1lY2FhLTExZTYtOGY4OC0zNDM2M2JjN2M0YzAiOnsiY3JlYXRlIjozMDAwMDAwMDAwMDAsImRlbGV0ZSI6MzAwMDAwMDAwMDAwLCJ1cGRhdGUiOjEyMDAwMDAwMDAwMH19",
          "dependencies": [
            "aws_vpc.vpc"
          ]
        }
      ]
    },
    {
      "mode": "managed",
      "type": "aws_route_table_association",
      "name": "public_assoc",
      "provider": "provider[\"registry.terraform.io/hashicorp/aws\"]",
      "instances": [
        {
          "schema_version": 0,
          "attributes": {
            "gateway_id": "",
            "id": "rtbassoc-0630274e00d387671",
            "region": "us-west-2",
            "route_table_id": "rtb-0aa1fa409fcb09b71",
            "subnet_id": "subnet-0dd08eac8b5c8ade8",
            "timeouts": null
          },
          "sensitive_attributes": [],
          "identity_schema_version": 0,
          "private": "eyJlMmJmYjczMC1lY2FhLTExZTYtOGY4OC0zNDM2M2JjN2M0YzAiOnsiY3JlYXRlIjozMDAwMDAwMDAwMDAsImRlbGV0ZSI6MzAwMDAwMDAwMDAwLCJ1cGRhdGUiOjEyMDAwMDAwMDAwMH19",
          "dependencies": [
            "aws_route_table.public",
            "aws_subnet.public",
            "aws_vpc.vpc",
            "data.aws_availability_zones.available"
          ]
        }
      ]
    },
    {
      "mode": "managed",
      "type": "aws_security_group",
      "name": "aap",
      "provider": "provider[\"registry.terraform.io/hashicorp/aws\"]",
      "instances": [
        {
          "schema_version": 1,
          "attributes": {
            "arn": "arn:aws:ec2:us-west-2:537540573348:security-group/sg-045fc1ce5016f58a2",
            "description": "AAP all-in-one SG",
            "egress": [
              {
                "cidr_blocks": [
                  "0.0.0.0/0"
                ],
                "description": "All egress",
                "from_port": 0,
                "ipv6_cidr_blocks": [],
                "prefix_list_ids": [],
                "protocol": "-1",
                "security_groups": [],
                "self": false,
                "to_port": 0
              }
            ],
            "id": "sg-045fc1ce5016f58a2",
            "ingress": [
              {
                "cidr_blocks": [
                  "0.0.0.0/0"
                ],
                "description": "HTTP",
                "from_port": 80,
                "ipv6_cidr_blocks": [],
                "prefix_list_ids": [],
                "protocol": "tcp",
                "security_groups": [],
                "self": false,
                "to_port": 80
              },
              {
                "cidr_blocks": [
                  "0.0.0.0/0"
                ],
                "description": "HTTPS",
                "from_port": 443,
                "ipv6_cidr_blocks": [],
                "prefix_list_ids": [],
                "protocol": "tcp",
                "security_groups": [],
                "self": false,
                "to_port": 443
              },
              {
                "cidr_blocks": [
                  "0.0.0.0/0"
                ],
                "description": "SSH",
                "from_port": 22,
                "ipv6_cidr_blocks": [],
                "prefix_list_ids": [],
                "protocol": "tcp",
                "security_groups": [],
                "self": false,
                "to_port": 22
              }
            ],
            "name": "aap-single-sg",
            "name_prefix": "",
            "owner_id": "537540573348",
            "region": "us-west-2",
            "revoke_rules_on_delete": false,
            "tags": {
              "Name": "aap-single-sg"
            },
            "tags_all": {
              "Name": "aap-single-sg"
            },
            "timeouts": null,
            "vpc_id": "vpc-06cac8818c1837a7c"
          },
          "sensitive_attributes": [],
          "identity_schema_version": 0,
          "identity": {
            "account_id": "537540573348",
            "id": "sg-045fc1ce5016f58a2",
            "region": "us-west-2"
          },
          "private": "eyJlMmJmYjczMC1lY2FhLTExZTYtOGY4OC0zNDM2M2JjN2M0YzAiOnsiY3JlYXRlIjo2MDAwMDAwMDAwMDAsImRlbGV0ZSI6OTAwMDAwMDAwMDAwfSwic2NoZW1hX3ZlcnNpb24iOiIxIn0=",
          "dependencies": [
            "aws_vpc.vpc"
          ]
        }
      ]
    },
    {
      "mode": "managed",
      "type": "aws_subnet",
      "name": "public",
      "provider": "provider[\"registry.terraform.io/hashicorp/aws\"]",
      "instances": [
        {
          "schema_version": 1,
          "attributes": {
            "arn": "arn:aws:ec2:us-west-2:537540573348:subnet/subnet-0dd08eac8b5c8ade8",
            "assign_ipv6_address_on_creation": false,
            "availability_zone": "us-west-2a",
            "availability_zone_id": "usw2-az2",
            "cidr_block": "10.42.10.0/24",
            "customer_owned_ipv4_pool": "",
            "enable_dns64": false,
            "enable_lni_at_device_index": 0,
            "enable_resource_name_dns_a_record_on_launch": false,
            "enable_resource_name_dns_aaaa_record_on_launch": false,
            "id": "subnet-0dd08eac8b5c8ade8",
            "ipv6_cidr_block": "",
            "ipv6_cidr_block_association_id": "",
            "ipv6_native": false,
            "map_customer_owned_ip_on_launch": false,
            "map_public_ip_on_launch": true,
            "outpost_arn": "",
            "owner_id": "537540573348",
            "private_dns_hostname_type_on_launch": "ip-name",
            "region": "us-west-2",
            "tags": {
              "Name": "aap-single-public-subnet"
            },
            "tags_all": {
              "Name": "aap-single-public-subnet"
            },
            "timeouts": null,
            "vpc_id": "vpc-06cac8818c1837a7c"
          },
          "sensitive_attributes": [],
          "identity_schema_version": 0,
          "identity": {
            "account_id": "537540573348",
            "id": "subnet-0dd08eac8b5c8ade8",
            "region": "us-west-2"
          },
          "private": "eyJlMmJmYjczMC1lY2FhLTExZTYtOGY4OC0zNDM2M2JjN2M0YzAiOnsiY3JlYXRlIjo2MDAwMDAwMDAwMDAsImRlbGV0ZSI6MTIwMDAwMDAwMDAwMH0sInNjaGVtYV92ZXJzaW9uIjoiMSJ9",
          "dependencies": [
            "aws_vpc.vpc",
            "data.aws_availability_zones.available"
          ]
        }
      ]
    },
    {
      "mode": "managed",
      "type": "aws_vpc",
      "name": "vpc",
      "provider": "provider[\"registry.terraform.io/hashicorp/aws\"]",
      "instances": [
        {
          "schema_version": 1,
          "attributes": {
            "arn": "arn:aws:ec2:us-west-2:537540573348:vpc/vpc-06cac8818c1837a7c",
            "assign_generated_ipv6_cidr_block": false,
            "cidr_block": "10.42.0.0/16",
            "default_network_acl_id": "acl-0a41a155239fe18f7",
            "default_route_table_id": "rtb-0de194ac0359f10e3",
            "default_security_group_id": "sg-03eb9aa028828578f",
            "dhcp_options_id": "dopt-f876a380",
            "enable_dns_hostnames": true,
            "enable_dns_support": true,
            "enable_network_address_usage_metrics": false,
            "id": "vpc-06cac8818c1837a7c",
            "instance_tenancy": "default",
            "ipv4_ipam_pool_id": null,
            "ipv4_netmask_length": null,
            "ipv6_association_id": "",
            "ipv6_cidr_block": "",
            "ipv6_cidr_block_network_border_group": "",
            "ipv6_ipam_pool_id": "",
            "ipv6_netmask_length": 0,
            "main_route_table_id": "rtb-0de194ac0359f10e3",
            "owner_id": "537540573348",
            "region": "us-west-2",
            "tags": {
              "Name": "aap-single-vpc"
            },
            "tags_all": {
              "Name": "aap-single-vpc"
            }
          },
          "sensitive_attributes": [],
          "identity_schema_version": 0,
          "private": "eyJzY2hlbWFfdmVyc2lvbiI6IjEifQ=="
        }
      ]
    },
    {
      "mode": "managed",
      "type": "local_file",
      "name": "inventory",
      "provider": "provider[\"registry.terraform.io/hashicorp/local\"]",
      "instances": [
        {
          "schema_version": 0,
          "attributes": {
            "content": "[aap]\n35.161.160.175 ansible_user=ec2-user\n\n[automationgateway]\n35.161.160.175 ansible_user=ec2-user\n\n[automationcontroller]\n35.161.160.175 ansible_user=ec2-user\n\n[automationhub]\n35.161.160.175 ansible_user=ec2-user\n\n[automationedacontroller]\n35.161.160.175 ansible_user=ec2-user\n\n[database]\n35.161.160.175 ansible_user=ec2-user\n\n[all:vars]\nadmin_password='ChangeMe_Strong!123'\nredis_mode=standalone\n\n# Controller DB on localhost\npg_host='127.0.0.1'\npg_port=5432\npg_database='awx'\npg_username='awx'\npg_password='ChangeMe_Strong!123'\npg_sslmode='prefer'\n\n# Hub DB on localhost\nautomationhub_admin_password='ChangeMe_Strong!123'\nautomationhub_pg_host='127.0.0.1'\nautomationhub_pg_port=5432\nautomationhub_pg_database='automationhub'\nautomationhub_pg_username='automationhub'\nautomationhub_pg_password='ChangeMe_Strong!123'\nautomationhub_pg_sslmode='prefer'\n\n# EDA DB on localhost\nautomationedacontroller_admin_password='ChangeMe_Strong!123'\nautomationedacontroller_pg_host='127.0.0.1'\nautomationedacontroller_pg_port=5432\nautomationedacontroller_pg_database='automationedacontroller'\nautomationedacontroller_pg_username='automationedacontroller'\nautomationedacontroller_pg_password='ChangeMe_Strong!123'\n\n# Optional URLs (use the instance public IP)\nautomationgateway_main_url='http://35.161.160.175'\n",
            "content_base64": null,
            "content_base64sha256": "6jrMJ+pLr87JVSQYANQQYa/NzEWtgOAtu460EX2+OIs=",
            "content_base64sha512": "K5Dnaw6Vgjb5L32b5KJPLmNdgt5WRUiSbR4BcSHVO+Ri1jsPqMCd4/hmdc1+XDWWbmdsYYZ/JqOhg8DDcyLg6A==",
            "content_md5": "d140ca40c57c2cd5c7d980f5c666d719",
            "content_sha1": "2563c7c8e25792eab842595e4f72102189a6314e",
            "content_sha256": "ea3acc27ea4bafcec955241800d41061afcdcc45ad80e02dbb8eb4117dbe388b",
            "content_sha512": "2b90e76b0e958236f92f7d9be4a24f2e635d82de564548926d1e017121d53be462d63b0fa8c09de3f86675cd7e5c35966e676c61867f26a3a183c0c37322e0e8",
            "directory_permission": "0777",
            "file_permission": "0777",
            "filename": "./inventory.ini",
            "id": "2563c7c8e25792eab842595e4f72102189a6314e",
            "sensitive_content": null,
            "source": null
          },
          "sensitive_attributes": [
            [
              {
                "type": "get_attr",
                "value": "content"
              }
            ],
            [
              {
                "type": "get_attr",
                "value": "sensitive_content"
              }
            ]
          ],
          "identity_schema_version": 0,
          "dependencies": [
            "aws_instance.aap",
            "aws_key_pair.kp",
            "aws_security_group.aap",
            "aws_subnet.public",
            "aws_vpc.vpc",
            "data.aws_availability_zones.available"
          ]
        }
      ]
    }
  ],
  "check_results": null
}
